
Microsoft Visual Studio Solution File, Format Version 12.00
# Visual Studio Version 16
VisualStudioVersion = 16.0.30717.126
MinimumVisualStudioVersion = 10.0.40219.1
Project("{FAE04EC0-301F-11D3-BF4B-00C04F79EFBC}") = "Wrestling.Entities", "Wrestling.Entities\Wrestling.Entities.csproj", "{0A59304D-5423-40DF-AC74-9FAA5A03828C}"
EndProject
Project("{FAE04EC0-301F-11D3-BF4B-00C04F79EFBC}") = "Wrestling.Data", "Wrestling.Data\Wrestling.Data.csproj", "{43DABFEA-DD31-439B-B983-D09876BE1A7A}"
EndProject
Project("{FAE04EC0-301F-11D3-BF4B-00C04F79EFBC}") = "Wrestling.Providers", "Wrestling.Providers\Wrestling.Providers.csproj", "{44BAA51A-7712-46CA-8E4A-502E7167460B}"
EndProject
Project("{FAE04EC0-301F-11D3-BF4B-00C04F79EFBC}") = "Wrestling.DataAccess", "Wrestling.DataAccess\Wrestling.DataAccess.csproj", "{298FEBD9-84AF-4F1D-AC40-1870C40E5E00}"
EndProject
Project("{FAE04EC0-301F-11D3-BF4B-00C04F79EFBC}") = "Wrestling.UI.Material", "Wrestling.UI.Material\Wrestling.UI.Material.csproj", "{F0C97B85-BF9A-43D0-9B6F-BB021CA09A91}"
EndProject
Project("{FAE04EC0-301F-11D3-BF4B-00C04F79EFBC}") = "Wrestling.UI.Utils", "Wrestling.UI.Utils\Wrestling.UI.Utils.csproj", "{0167D0AC-F1AA-4CDF-BFD3-0F834906B1E4}"
EndProject
Project("{FAE04EC0-301F-11D3-BF4B-00C04F79EFBC}") = "Wrestling.Recorder", "Wrestling.Recorder\Wrestling.Recorder.csproj", "{13F5B335-2CB6-4C38-8E50-5AFD33524E65}"
EndProject
Project("{FAE04EC0-301F-11D3-BF4B-00C04F79EFBC}") = "Wrestling.Recorder.Configurator", "Wrestling.Recorder.Configurator\Wrestling.Recorder.Configurator.csproj", "{FB3ED9DD-A7E4-4E86-B352-95A6B42DE772}"
EndProject
Project("{FAE04EC0-301F-11D3-BF4B-00C04F79EFBC}") = "Wrestling.Recorder.Test", "Wrestling.Recorder.Test\Wrestling.Recorder.Test.csproj", "{4CC3574C-D215-46AC-BF4A-8F4A668AC0FF}"
EndProject
Project("{FAE04EC0-301F-11D3-BF4B-00C04F79EFBC}") = "Wrestling.Recorder.DataAccess", "Wrestling.Recorder.DataAccess\Wrestling.Recorder.DataAccess.csproj", "{040EA18D-09D8-4CDE-BC5D-DB4D41ECEE14}"
EndProject
Project("{9A19103F-16F7-4668-BE54-9A1E7A4F7556}") = "Wrestling.Integration", "Wrestling.Integration\Wrestling.Integration.csproj", "{400898E6-294D-4A66-9827-58112D24FF3F}"
EndProject
Project("{2150E333-8FDC-42A3-9474-1A3956D46DE8}") = "FfmpegEmgu", "FfmpegEmgu", "{623A4283-3286-4E34-B853-8941CA352679}"
EndProject
Project("{9A19103F-16F7-4668-BE54-9A1E7A4F7556}") = "EmguFFmpeg", "EmguFFmpeg\EmguFFmpeg.csproj", "{31BBAEE7-11BB-43A1-BDE6-FFA482D48DF1}"
EndProject
Project("{9A19103F-16F7-4668-BE54-9A1E7A4F7556}") = "EmguFFmpeg.EmguCV", "EmguFFmpeg.EmguCV\EmguFFmpeg.EmguCV.csproj", "{BD231916-359B-40A9-A27E-B67AA484B36E}"
EndProject
Project("{9A19103F-16F7-4668-BE54-9A1E7A4F7556}") = "Wrestling.Recorder.Config", "Wrestling.Recorder.Config\Wrestling.Recorder.Config.csproj", "{8746B813-26F8-4853-B0BE-B3236BBFE608}"
EndProject
Global
	GlobalSection(SolutionConfigurationPlatforms) = preSolution
		Debug|Any CPU = Debug|Any CPU
		Debug|x64 = Debug|x64
		Debug|x86 = Debug|x86
		Release|Any CPU = Release|Any CPU
		Release|x64 = Release|x64
		Release|x86 = Release|x86
	EndGlobalSection
	GlobalSection(ProjectConfigurationPlatforms) = postSolution
		{0A59304D-5423-40DF-AC74-9FAA5A03828C}.Debug|Any CPU.ActiveCfg = Debug|Any CPU
		{0A59304D-5423-40DF-AC74-9FAA5A03828C}.Debug|Any CPU.Build.0 = Debug|Any CPU
		{0A59304D-5423-40DF-AC74-9FAA5A03828C}.Debug|x64.ActiveCfg = Debug|Any CPU
		{0A59304D-5423-40DF-AC74-9FAA5A03828C}.Debug|x64.Build.0 = Debug|Any CPU
		{0A59304D-5423-40DF-AC74-9FAA5A03828C}.Debug|x86.ActiveCfg = Debug|Any CPU
		{0A59304D-5423-40DF-AC74-9FAA5A03828C}.Debug|x86.Build.0 = Debug|Any CPU
		{0A59304D-5423-40DF-AC74-9FAA5A03828C}.Release|Any CPU.ActiveCfg = Release|Any CPU
		{0A59304D-5423-40DF-AC74-9FAA5A03828C}.Release|Any CPU.Build.0 = Release|Any CPU
		{0A59304D-5423-40DF-AC74-9FAA5A03828C}.Release|x64.ActiveCfg = Release|Any CPU
		{0A59304D-5423-40DF-AC74-9FAA5A03828C}.Release|x64.Build.0 = Release|Any CPU
		{0A59304D-5423-40DF-AC74-9FAA5A03828C}.Release|x86.ActiveCfg = Release|Any CPU
		{0A59304D-5423-40DF-AC74-9FAA5A03828C}.Release|x86.Build.0 = Release|Any CPU
		{43DABFEA-DD31-439B-B983-D09876BE1A7A}.Debug|Any CPU.ActiveCfg = Debug|Any CPU
		{43DABFEA-DD31-439B-B983-D09876BE1A7A}.Debug|Any CPU.Build.0 = Debug|Any CPU
		{43DABFEA-DD31-439B-B983-D09876BE1A7A}.Debug|x64.ActiveCfg = Debug|Any CPU
		{43DABFEA-DD31-439B-B983-D09876BE1A7A}.Debug|x64.Build.0 = Debug|Any CPU
		{43DABFEA-DD31-439B-B983-D09876BE1A7A}.Debug|x86.ActiveCfg = Debug|Any CPU
		{43DABFEA-DD31-439B-B983-D09876BE1A7A}.Debug|x86.Build.0 = Debug|Any CPU
		{43DABFEA-DD31-439B-B983-D09876BE1A7A}.Release|Any CPU.ActiveCfg = Release|Any CPU
		{43DABFEA-DD31-439B-B983-D09876BE1A7A}.Release|Any CPU.Build.0 = Release|Any CPU
		{43DABFEA-DD31-439B-B983-D09876BE1A7A}.Release|x64.ActiveCfg = Release|Any CPU
		{43DABFEA-DD31-439B-B983-D09876BE1A7A}.Release|x64.Build.0 = Release|Any CPU
		{43DABFEA-DD31-439B-B983-D09876BE1A7A}.Release|x86.ActiveCfg = Release|Any CPU
		{43DABFEA-DD31-439B-B983-D09876BE1A7A}.Release|x86.Build.0 = Release|Any CPU
		{44BAA51A-7712-46CA-8E4A-502E7167460B}.Debug|Any CPU.ActiveCfg = Debug|Any CPU
		{44BAA51A-7712-46CA-8E4A-502E7167460B}.Debug|Any CPU.Build.0 = Debug|Any CPU
		{44BAA51A-7712-46CA-8E4A-502E7167460B}.Debug|x64.ActiveCfg = Debug|Any CPU
		{44BAA51A-7712-46CA-8E4A-502E7167460B}.Debug|x64.Build.0 = Debug|Any CPU
		{44BAA51A-7712-46CA-8E4A-502E7167460B}.Debug|x86.ActiveCfg = Debug|Any CPU
		{44BAA51A-7712-46CA-8E4A-502E7167460B}.Debug|x86.Build.0 = Debug|Any CPU
		{44BAA51A-7712-46CA-8E4A-502E7167460B}.Release|Any CPU.ActiveCfg = Release|Any CPU
		{44BAA51A-7712-46CA-8E4A-502E7167460B}.Release|Any CPU.Build.0 = Release|Any CPU
		{44BAA51A-7712-46CA-8E4A-502E7167460B}.Release|x64.ActiveCfg = Release|Any CPU
		{44BAA51A-7712-46CA-8E4A-502E7167460B}.Release|x64.Build.0 = Release|Any CPU
		{44BAA51A-7712-46CA-8E4A-502E7167460B}.Release|x86.ActiveCfg = Release|Any CPU
		{44BAA51A-7712-46CA-8E4A-502E7167460B}.Release|x86.Build.0 = Release|Any CPU
		{298FEBD9-84AF-4F1D-AC40-1870C40E5E00}.Debug|Any CPU.ActiveCfg = Debug|Any CPU
		{298FEBD9-84AF-4F1D-AC40-1870C40E5E00}.Debug|Any CPU.Build.0 = Debug|Any CPU
		{298FEBD9-84AF-4F1D-AC40-1870C40E5E00}.Debug|x64.ActiveCfg = Debug|Any CPU
		{298FEBD9-84AF-4F1D-AC40-1870C40E5E00}.Debug|x64.Build.0 = Debug|Any CPU
		{298FEBD9-84AF-4F1D-AC40-1870C40E5E00}.Debug|x86.ActiveCfg = Debug|Any CPU
		{298FEBD9-84AF-4F1D-AC40-1870C40E5E00}.Debug|x86.Build.0 = Debug|Any CPU
		{298FEBD9-84AF-4F1D-AC40-1870C40E5E00}.Release|Any CPU.ActiveCfg = Release|Any CPU
		{298FEBD9-84AF-4F1D-AC40-1870C40E5E00}.Release|Any CPU.Build.0 = Release|Any CPU
		{298FEBD9-84AF-4F1D-AC40-1870C40E5E00}.Release|x64.ActiveCfg = Release|Any CPU
		{298FEBD9-84AF-4F1D-AC40-1870C40E5E00}.Release|x64.Build.0 = Release|Any CPU
		{298FEBD9-84AF-4F1D-AC40-1870C40E5E00}.Release|x86.ActiveCfg = Release|Any CPU
		{298FEBD9-84AF-4F1D-AC40-1870C40E5E00}.Release|x86.Build.0 = Release|Any CPU
		{F0C97B85-BF9A-43D0-9B6F-BB021CA09A91}.Debug|Any CPU.ActiveCfg = Debug|Any CPU
		{F0C97B85-BF9A-43D0-9B6F-BB021CA09A91}.Debug|Any CPU.Build.0 = Debug|Any CPU
		{F0C97B85-BF9A-43D0-9B6F-BB021CA09A91}.Debug|x64.ActiveCfg = Debug|Any CPU
		{F0C97B85-BF9A-43D0-9B6F-BB021CA09A91}.Debug|x64.Build.0 = Debug|Any CPU
		{F0C97B85-BF9A-43D0-9B6F-BB021CA09A91}.Debug|x86.ActiveCfg = Debug|Any CPU
		{F0C97B85-BF9A-43D0-9B6F-BB021CA09A91}.Debug|x86.Build.0 = Debug|Any CPU
		{F0C97B85-BF9A-43D0-9B6F-BB021CA09A91}.Release|Any CPU.ActiveCfg = Release|Any CPU
		{F0C97B85-BF9A-43D0-9B6F-BB021CA09A91}.Release|Any CPU.Build.0 = Release|Any CPU
		{F0C97B85-BF9A-43D0-9B6F-BB021CA09A91}.Release|x64.ActiveCfg = Release|Any CPU
		{F0C97B85-BF9A-43D0-9B6F-BB021CA09A91}.Release|x64.Build.0 = Release|Any CPU
		{F0C97B85-BF9A-43D0-9B6F-BB021CA09A91}.Release|x86.ActiveCfg = Release|Any CPU
		{F0C97B85-BF9A-43D0-9B6F-BB021CA09A91}.Release|x86.Build.0 = Release|Any CPU
		{0167D0AC-F1AA-4CDF-BFD3-0F834906B1E4}.Debug|Any CPU.ActiveCfg = Debug|Any CPU
		{0167D0AC-F1AA-4CDF-BFD3-0F834906B1E4}.Debug|Any CPU.Build.0 = Debug|Any CPU
		{0167D0AC-F1AA-4CDF-BFD3-0F834906B1E4}.Debug|x64.ActiveCfg = Debug|Any CPU
		{0167D0AC-F1AA-4CDF-BFD3-0F834906B1E4}.Debug|x64.Build.0 = Debug|Any CPU
		{0167D0AC-F1AA-4CDF-BFD3-0F834906B1E4}.Debug|x86.ActiveCfg = Debug|Any CPU
		{0167D0AC-F1AA-4CDF-BFD3-0F834906B1E4}.Debug|x86.Build.0 = Debug|Any CPU
		{0167D0AC-F1AA-4CDF-BFD3-0F834906B1E4}.Release|Any CPU.ActiveCfg = Release|Any CPU
		{0167D0AC-F1AA-4CDF-BFD3-0F834906B1E4}.Release|Any CPU.Build.0 = Release|Any CPU
		{0167D0AC-F1AA-4CDF-BFD3-0F834906B1E4}.Release|x64.ActiveCfg = Release|Any CPU
		{0167D0AC-F1AA-4CDF-BFD3-0F834906B1E4}.Release|x64.Build.0 = Release|Any CPU
		{0167D0AC-F1AA-4CDF-BFD3-0F834906B1E4}.Release|x86.ActiveCfg = Release|Any CPU
		{0167D0AC-F1AA-4CDF-BFD3-0F834906B1E4}.Release|x86.Build.0 = Release|Any CPU
		{13F5B335-2CB6-4C38-8E50-5AFD33524E65}.Debug|Any CPU.ActiveCfg = Debug|Any CPU
		{13F5B335-2CB6-4C38-8E50-5AFD33524E65}.Debug|Any CPU.Build.0 = Debug|Any CPU
		{13F5B335-2CB6-4C38-8E50-5AFD33524E65}.Debug|x64.ActiveCfg = Debug|Any CPU
		{13F5B335-2CB6-4C38-8E50-5AFD33524E65}.Debug|x64.Build.0 = Debug|Any CPU
		{13F5B335-2CB6-4C38-8E50-5AFD33524E65}.Debug|x86.ActiveCfg = Debug|Any CPU
		{13F5B335-2CB6-4C38-8E50-5AFD33524E65}.Debug|x86.Build.0 = Debug|Any CPU
		{13F5B335-2CB6-4C38-8E50-5AFD33524E65}.Release|Any CPU.ActiveCfg = Release|Any CPU
		{13F5B335-2CB6-4C38-8E50-5AFD33524E65}.Release|Any CPU.Build.0 = Release|Any CPU
		{13F5B335-2CB6-4C38-8E50-5AFD33524E65}.Release|x64.ActiveCfg = Release|Any CPU
		{13F5B335-2CB6-4C38-8E50-5AFD33524E65}.Release|x64.Build.0 = Release|Any CPU
		{13F5B335-2CB6-4C38-8E50-5AFD33524E65}.Release|x86.ActiveCfg = Release|Any CPU
		{13F5B335-2CB6-4C38-8E50-5AFD33524E65}.Release|x86.Build.0 = Release|Any CPU
		{FB3ED9DD-A7E4-4E86-B352-95A6B42DE772}.Debug|Any CPU.ActiveCfg = Debug|Any CPU
		{FB3ED9DD-A7E4-4E86-B352-95A6B42DE772}.Debug|Any CPU.Build.0 = Debug|Any CPU
		{FB3ED9DD-A7E4-4E86-B352-95A6B42DE772}.Debug|x64.ActiveCfg = Debug|Any CPU
		{FB3ED9DD-A7E4-4E86-B352-95A6B42DE772}.Debug|x64.Build.0 = Debug|Any CPU
		{FB3ED9DD-A7E4-4E86-B352-95A6B42DE772}.Debug|x86.ActiveCfg = Debug|Any CPU
		{FB3ED9DD-A7E4-4E86-B352-95A6B42DE772}.Debug|x86.Build.0 = Debug|Any CPU
		{FB3ED9DD-A7E4-4E86-B352-95A6B42DE772}.Release|Any CPU.ActiveCfg = Release|Any CPU
		{FB3ED9DD-A7E4-4E86-B352-95A6B42DE772}.Release|Any CPU.Build.0 = Release|Any CPU
		{FB3ED9DD-A7E4-4E86-B352-95A6B42DE772}.Release|x64.ActiveCfg = Release|Any CPU
		{FB3ED9DD-A7E4-4E86-B352-95A6B42DE772}.Release|x64.Build.0 = Release|Any CPU
		{FB3ED9DD-A7E4-4E86-B352-95A6B42DE772}.Release|x86.ActiveCfg = Release|Any CPU
		{FB3ED9DD-A7E4-4E86-B352-95A6B42DE772}.Release|x86.Build.0 = Release|Any CPU
		{4CC3574C-D215-46AC-BF4A-8F4A668AC0FF}.Debug|Any CPU.ActiveCfg = Debug|Any CPU
		{4CC3574C-D215-46AC-BF4A-8F4A668AC0FF}.Debug|Any CPU.Build.0 = Debug|Any CPU
		{4CC3574C-D215-46AC-BF4A-8F4A668AC0FF}.Debug|x64.ActiveCfg = Debug|Any CPU
		{4CC3574C-D215-46AC-BF4A-8F4A668AC0FF}.Debug|x64.Build.0 = Debug|Any CPU
		{4CC3574C-D215-46AC-BF4A-8F4A668AC0FF}.Debug|x86.ActiveCfg = Debug|Any CPU
		{4CC3574C-D215-46AC-BF4A-8F4A668AC0FF}.Debug|x86.Build.0 = Debug|Any CPU
		{4CC3574C-D215-46AC-BF4A-8F4A668AC0FF}.Release|Any CPU.ActiveCfg = Release|Any CPU
		{4CC3574C-D215-46AC-BF4A-8F4A668AC0FF}.Release|Any CPU.Build.0 = Release|Any CPU
		{4CC3574C-D215-46AC-BF4A-8F4A668AC0FF}.Release|x64.ActiveCfg = Release|Any CPU
		{4CC3574C-D215-46AC-BF4A-8F4A668AC0FF}.Release|x64.Build.0 = Release|Any CPU
		{4CC3574C-D215-46AC-BF4A-8F4A668AC0FF}.Release|x86.ActiveCfg = Release|Any CPU
		{4CC3574C-D215-46AC-BF4A-8F4A668AC0FF}.Release|x86.Build.0 = Release|Any CPU
		{040EA18D-09D8-4CDE-BC5D-DB4D41ECEE14}.Debug|Any CPU.ActiveCfg = Debug|Any CPU
		{040EA18D-09D8-4CDE-BC5D-DB4D41ECEE14}.Debug|Any CPU.Build.0 = Debug|Any CPU
		{040EA18D-09D8-4CDE-BC5D-DB4D41ECEE14}.Debug|x64.ActiveCfg = Debug|Any CPU
		{040EA18D-09D8-4CDE-BC5D-DB4D41ECEE14}.Debug|x64.Build.0 = Debug|Any CPU
		{040EA18D-09D8-4CDE-BC5D-DB4D41ECEE14}.Debug|x86.ActiveCfg = Debug|Any CPU
		{040EA18D-09D8-4CDE-BC5D-DB4D41ECEE14}.Debug|x86.Build.0 = Debug|Any CPU
		{040EA18D-09D8-4CDE-BC5D-DB4D41ECEE14}.Release|Any CPU.ActiveCfg = Release|Any CPU
		{040EA18D-09D8-4CDE-BC5D-DB4D41ECEE14}.Release|Any CPU.Build.0 = Release|Any CPU
		{040EA18D-09D8-4CDE-BC5D-DB4D41ECEE14}.Release|x64.ActiveCfg = Release|Any CPU
		{040EA18D-09D8-4CDE-BC5D-DB4D41ECEE14}.Release|x64.Build.0 = Release|Any CPU
		{040EA18D-09D8-4CDE-BC5D-DB4D41ECEE14}.Release|x86.ActiveCfg = Release|Any CPU
		{040EA18D-09D8-4CDE-BC5D-DB4D41ECEE14}.Release|x86.Build.0 = Release|Any CPU
		{400898E6-294D-4A66-9827-58112D24FF3F}.Debug|Any CPU.ActiveCfg = Debug|Any CPU
		{400898E6-294D-4A66-9827-58112D24FF3F}.Debug|Any CPU.Build.0 = Debug|Any CPU
		{400898E6-294D-4A66-9827-58112D24FF3F}.Debug|x64.ActiveCfg = Debug|Any CPU
		{400898E6-294D-4A66-9827-58112D24FF3F}.Debug|x64.Build.0 = Debug|Any CPU
		{400898E6-294D-4A66-9827-58112D24FF3F}.Debug|x86.ActiveCfg = Debug|Any CPU
		{400898E6-294D-4A66-9827-58112D24FF3F}.Debug|x86.Build.0 = Debug|Any CPU
		{400898E6-294D-4A66-9827-58112D24FF3F}.Release|Any CPU.ActiveCfg = Release|Any CPU
		{400898E6-294D-4A66-9827-58112D24FF3F}.Release|Any CPU.Build.0 = Release|Any CPU
		{400898E6-294D-4A66-9827-58112D24FF3F}.Release|x64.ActiveCfg = Release|Any CPU
		{400898E6-294D-4A66-9827-58112D24FF3F}.Release|x64.Build.0 = Release|Any CPU
		{400898E6-294D-4A66-9827-58112D24FF3F}.Release|x86.ActiveCfg = Release|Any CPU
		{400898E6-294D-4A66-9827-58112D24FF3F}.Release|x86.Build.0 = Release|Any CPU
		{31BBAEE7-11BB-43A1-BDE6-FFA482D48DF1}.Debug|Any CPU.ActiveCfg = Debug|Any CPU
		{31BBAEE7-11BB-43A1-BDE6-FFA482D48DF1}.Debug|Any CPU.Build.0 = Debug|Any CPU
		{31BBAEE7-11BB-43A1-BDE6-FFA482D48DF1}.Debug|x64.ActiveCfg = Debug|x64
		{31BBAEE7-11BB-43A1-BDE6-FFA482D48DF1}.Debug|x64.Build.0 = Debug|x64
		{31BBAEE7-11BB-43A1-BDE6-FFA482D48DF1}.Debug|x86.ActiveCfg = Debug|x86
		{31BBAEE7-11BB-43A1-BDE6-FFA482D48DF1}.Debug|x86.Build.0 = Debug|x86
		{31BBAEE7-11BB-43A1-BDE6-FFA482D48DF1}.Release|Any CPU.ActiveCfg = Release|Any CPU
		{31BBAEE7-11BB-43A1-BDE6-FFA482D48DF1}.Release|Any CPU.Build.0 = Release|Any CPU
		{31BBAEE7-11BB-43A1-BDE6-FFA482D48DF1}.Release|x64.ActiveCfg = Release|x64
		{31BBAEE7-11BB-43A1-BDE6-FFA482D48DF1}.Release|x64.Build.0 = Release|x64
		{31BBAEE7-11BB-43A1-BDE6-FFA482D48DF1}.Release|x86.ActiveCfg = Release|x86
		{31BBAEE7-11BB-43A1-BDE6-FFA482D48DF1}.Release|x86.Build.0 = Release|x86
		{BD231916-359B-40A9-A27E-B67AA484B36E}.Debug|Any CPU.ActiveCfg = Debug|Any CPU
		{BD231916-359B-40A9-A27E-B67AA484B36E}.Debug|Any CPU.Build.0 = Debug|Any CPU
		{BD231916-359B-40A9-A27E-B67AA484B36E}.Debug|x64.ActiveCfg = Debug|x64
		{BD231916-359B-40A9-A27E-B67AA484B36E}.Debug|x64.Build.0 = Debug|x64
		{BD231916-359B-40A9-A27E-B67AA484B36E}.Debug|x86.ActiveCfg = Debug|x86
		{BD231916-359B-40A9-A27E-B67AA484B36E}.Debug|x86.Build.0 = Debug|x86
		{BD231916-359B-40A9-A27E-B67AA484B36E}.Release|Any CPU.ActiveCfg = Release|Any CPU
		{BD231916-359B-40A9-A27E-B67AA484B36E}.Release|Any CPU.Build.0 = Release|Any CPU
		{BD231916-359B-40A9-A27E-B67AA484B36E}.Release|x64.ActiveCfg = Release|x64
		{BD231916-359B-40A9-A27E-B67AA484B36E}.Release|x64.Build.0 = Release|x64
		{BD231916-359B-40A9-A27E-B67AA484B36E}.Release|x86.ActiveCfg = Release|x86
		{BD231916-359B-40A9-A27E-B67AA484B36E}.Release|x86.Build.0 = Release|x86
		{8746B813-26F8-4853-B0BE-B3236BBFE608}.Debug|Any CPU.ActiveCfg = Debug|Any CPU
		{8746B813-26F8-4853-B0BE-B3236BBFE608}.Debug|Any CPU.Build.0 = Debug|Any CPU
		{8746B813-26F8-4853-B0BE-B3236BBFE608}.Debug|x64.ActiveCfg = Debug|Any CPU
		{8746B813-26F8-4853-B0BE-B3236BBFE608}.Debug|x64.Build.0 = Debug|Any CPU
		{8746B813-26F8-4853-B0BE-B3236BBFE608}.Debug|x86.ActiveCfg = Debug|Any CPU
		{8746B813-26F8-4853-B0BE-B3236BBFE608}.Debug|x86.Build.0 = Debug|Any CPU
		{8746B813-26F8-4853-B0BE-B3236BBFE608}.Release|Any CPU.ActiveCfg = Release|Any CPU
		{8746B813-26F8-4853-B0BE-B3236BBFE608}.Release|Any CPU.Build.0 = Release|Any CPU
		{8746B813-26F8-4853-B0BE-B3236BBFE608}.Release|x64.ActiveCfg = Release|Any CPU
		{8746B813-26F8-4853-B0BE-B3236BBFE608}.Release|x64.Build.0 = Release|Any CPU
		{8746B813-26F8-4853-B0BE-B3236BBFE608}.Release|x86.ActiveCfg = Release|Any CPU
		{8746B813-26F8-4853-B0BE-B3236BBFE608}.Release|x86.Build.0 = Release|Any CPU
	EndGlobalSection
	GlobalSection(SolutionProperties) = preSolution
		HideSolutionNode = FALSE
	EndGlobalSection
	GlobalSection(NestedProjects) = preSolution
		{31BBAEE7-11BB-43A1-BDE6-FFA482D48DF1} = {623A4283-3286-4E34-B853-8941CA352679}
		{BD231916-359B-40A9-A27E-B67AA484B36E} = {623A4283-3286-4E34-B853-8941CA352679}
	EndGlobalSection
	GlobalSection(ExtensibilityGlobals) = postSolution
		SolutionGuid = {CD97F36C-1663-4B1D-A0F8-40E4523B5371}
	EndGlobalSection
EndGlobal
